
Microsoft Visual Studio Solution File, Format Version 12.00
# Visual Studio Version 16
VisualStudioVersion = 16.0.31729.503
MinimumVisualStudioVersion = 10.0.40219.1
Project("{FAE04EC0-301F-11D3-BF4B-00C04F79EFBC}") = "FirstProject", "FirstProject\FirstProject.csproj", "{ACF7431F-A88E-4D9A-8152-45147377B42B}"
EndProject
Global
	GlobalSection(SolutionConfigurationPlatforms) = preSolution
		Debug|Any CPU = Debug|Any CPU
		Release|Any CPU = Release|Any CPU
	EndGlobalSection
	GlobalSection(ProjectConfigurationPlatforms) = postSolution
		{ACF7431F-A88E-4D9A-8152-45147377B42B}.Debug|Any CPU.ActiveCfg = Debug|Any CPU
		{ACF7431F-A88E-4D9A-8152-45147377B42B}.Debug|Any CPU.Build.0 = Debug|Any CPU
		{ACF7431F-A88E-4D9A-8152-45147377B42B}.Release|Any CPU.ActiveCfg = Release|Any CPU
		{ACF7431F-A88E-4D9A-8152-45147377B42B}.Release|Any CPU.Build.0 = Release|Any CPU
	EndGlobalSection
	GlobalSection(SolutionProperties) = preSolution
		HideSolutionNode = FALSE
	EndGlobalSection
	GlobalSection(ExtensibilityGlobals) = postSolution
		SolutionGuid = {0AAA546A-20AF-46E9-A18B-DAED91BE0F42}
	EndGlobalSection
EndGlobal
